// !$*UTF8*$!
{
	archiveVersion = 1;
	classes = {
	};
	objectVersion = 51;
	objects = {

/* Begin PBXBuildFile section */
		2866575CF9376EB043B0CF16 /* Pods_SourceCalculator.framework in Frameworks */ = {isa = PBXBuildFile; fileRef = 13966B23A578056173BB4FF3 /* Pods_SourceCalculator.framework */; };
		3A0812A52397F981008A792B /* Pods_Source_Calculator.framework in Frameworks */ = {isa = PBXBuildFile; fileRef = 6E2B87AAE7174DCF8833F0C1 /* Pods_Source_Calculator.framework */; };
		3A963DC72397EF2300C4B1B1 /* AppDelegate.swift in Sources */ = {isa = PBXBuildFile; fileRef = 3A963DC62397EF2300C4B1B1 /* AppDelegate.swift */; };
		3A963DC92397EF2300C4B1B1 /* ContentView.swift in Sources */ = {isa = PBXBuildFile; fileRef = 3A963DC82397EF2300C4B1B1 /* ContentView.swift */; };
		3A963DCB2397EF2400C4B1B1 /* Assets.xcassets in Resources */ = {isa = PBXBuildFile; fileRef = 3A963DCA2397EF2400C4B1B1 /* Assets.xcassets */; };
		3A963DCE2397EF2400C4B1B1 /* Preview Assets.xcassets in Resources */ = {isa = PBXBuildFile; fileRef = 3A963DCD2397EF2400C4B1B1 /* Preview Assets.xcassets */; };
		3A963DD12397EF2400C4B1B1 /* Main.storyboard in Resources */ = {isa = PBXBuildFile; fileRef = 3A963DCF2397EF2400C4B1B1 /* Main.storyboard */; };
		3A963DE02397EF5800C4B1B1 /* Cocoa.framework in Frameworks */ = {isa = PBXBuildFile; fileRef = 3A963DDF2397EF5800C4B1B1 /* Cocoa.framework */; };
		3A963DE32397EF5800C4B1B1 /* SourceEditorExtension.swift in Sources */ = {isa = PBXBuildFile; fileRef = 3A963DE22397EF5800C4B1B1 /* SourceEditorExtension.swift */; };
		3A963DE52397EF5800C4B1B1 /* SourceEditorCommand.swift in Sources */ = {isa = PBXBuildFile; fileRef = 3A963DE42397EF5800C4B1B1 /* SourceEditorCommand.swift */; };
		3A963DEA2397EF5800C4B1B1 /* SourceCalculator.appex in Embed App Extensions */ = {isa = PBXBuildFile; fileRef = 3A963DDD2397EF5800C4B1B1 /* SourceCalculator.appex */; settings = {ATTRIBUTES = (RemoveHeadersOnCopy, ); }; };
/* End PBXBuildFile section */

/* Begin PBXContainerItemProxy section */
		3A963DE82397EF5800C4B1B1 /* PBXContainerItemProxy */ = {
			isa = PBXContainerItemProxy;
			containerPortal = 3A963DBB2397EF2300C4B1B1 /* Project object */;
			proxyType = 1;
			remoteGlobalIDString = 3A963DDC2397EF5800C4B1B1;
			remoteInfo = "Source Calculator Xcode Extension";
		};
/* End PBXContainerItemProxy section */

/* Begin PBXCopyFilesBuildPhase section */
		3A963DEE2397EF5800C4B1B1 /* Embed App Extensions */ = {
			isa = PBXCopyFilesBuildPhase;
			buildActionMask = 2147483647;
			dstPath = "";
			dstSubfolderSpec = 13;
			files = (
				3A963DEA2397EF5800C4B1B1 /* SourceCalculator.appex in Embed App Extensions */,
			);
			name = "Embed App Extensions";
			runOnlyForDeploymentPostprocessing = 0;
		};
/* End PBXCopyFilesBuildPhase section */

/* Begin PBXFileReference section */
		13966B23A578056173BB4FF3 /* Pods_SourceCalculator.framework */ = {isa = PBXFileReference; explicitFileType = wrapper.framework; includeInIndex = 0; path = Pods_SourceCalculator.framework; sourceTree = BUILT_PRODUCTS_DIR; };
		13E79D7D2540CD6712C48343 /* Pods-Source Calculator.release.xcconfig */ = {isa = PBXFileReference; includeInIndex = 1; lastKnownFileType = text.xcconfig; name = "Pods-Source Calculator.release.xcconfig"; path = "Target Support Files/Pods-Source Calculator/Pods-Source Calculator.release.xcconfig"; sourceTree = "<group>"; };
		3A963DC32397EF2300C4B1B1 /* Source Calculator.app */ = {isa = PBXFileReference; explicitFileType = wrapper.application; includeInIndex = 0; path = "Source Calculator.app"; sourceTree = BUILT_PRODUCTS_DIR; };
		3A963DC62397EF2300C4B1B1 /* AppDelegate.swift */ = {isa = PBXFileReference; lastKnownFileType = sourcecode.swift; path = AppDelegate.swift; sourceTree = "<group>"; };
		3A963DC82397EF2300C4B1B1 /* ContentView.swift */ = {isa = PBXFileReference; lastKnownFileType = sourcecode.swift; path = ContentView.swift; sourceTree = "<group>"; };
		3A963DCA2397EF2400C4B1B1 /* Assets.xcassets */ = {isa = PBXFileReference; lastKnownFileType = folder.assetcatalog; path = Assets.xcassets; sourceTree = "<group>"; };
		3A963DCD2397EF2400C4B1B1 /* Preview Assets.xcassets */ = {isa = PBXFileReference; lastKnownFileType = folder.assetcatalog; path = "Preview Assets.xcassets"; sourceTree = "<group>"; };
		3A963DD02397EF2400C4B1B1 /* Base */ = {isa = PBXFileReference; lastKnownFileType = file.storyboard; name = Base; path = Base.lproj/Main.storyboard; sourceTree = "<group>"; };
		3A963DD22397EF2400C4B1B1 /* Info.plist */ = {isa = PBXFileReference; lastKnownFileType = text.plist.xml; path = Info.plist; sourceTree = "<group>"; };
		3A963DD32397EF2400C4B1B1 /* Source_Calculator.entitlements */ = {isa = PBXFileReference; lastKnownFileType = text.plist.entitlements; path = Source_Calculator.entitlements; sourceTree = "<group>"; };
		3A963DDD2397EF5800C4B1B1 /* SourceCalculator.appex */ = {isa = PBXFileReference; explicitFileType = "wrapper.app-extension"; includeInIndex = 0; path = SourceCalculator.appex; sourceTree = BUILT_PRODUCTS_DIR; };
		3A963DDF2397EF5800C4B1B1 /* Cocoa.framework */ = {isa = PBXFileReference; lastKnownFileType = wrapper.framework; name = Cocoa.framework; path = System/Library/Frameworks/Cocoa.framework; sourceTree = SDKROOT; };
		3A963DE22397EF5800C4B1B1 /* SourceEditorExtension.swift */ = {isa = PBXFileReference; lastKnownFileType = sourcecode.swift; path = SourceEditorExtension.swift; sourceTree = "<group>"; };
		3A963DE42397EF5800C4B1B1 /* SourceEditorCommand.swift */ = {isa = PBXFileReference; lastKnownFileType = sourcecode.swift; path = SourceEditorCommand.swift; sourceTree = "<group>"; };
		3A963DE62397EF5800C4B1B1 /* Info.plist */ = {isa = PBXFileReference; lastKnownFileType = text.plist.xml; path = Info.plist; sourceTree = "<group>"; };
		3A963DE72397EF5800C4B1B1 /* SourceCalculator.entitlements */ = {isa = PBXFileReference; lastKnownFileType = text.plist.entitlements; path = SourceCalculator.entitlements; sourceTree = "<group>"; };
		549FC1D8F6447017AF262AEC /* Pods-Source Calculator Xcode Extension.debug.xcconfig */ = {isa = PBXFileReference; includeInIndex = 1; lastKnownFileType = text.xcconfig; name = "Pods-Source Calculator Xcode Extension.debug.xcconfig"; path = "Target Support Files/Pods-Source Calculator Xcode Extension/Pods-Source Calculator Xcode Extension.debug.xcconfig"; sourceTree = "<group>"; };
		6E2B87AAE7174DCF8833F0C1 /* Pods_Source_Calculator.framework */ = {isa = PBXFileReference; explicitFileType = wrapper.framework; includeInIndex = 0; path = Pods_Source_Calculator.framework; sourceTree = BUILT_PRODUCTS_DIR; };
		9A9F4C45933C38F46F88B8C2 /* Pods-Source Calculator.debug.xcconfig */ = {isa = PBXFileReference; includeInIndex = 1; lastKnownFileType = text.xcconfig; name = "Pods-Source Calculator.debug.xcconfig"; path = "Target Support Files/Pods-Source Calculator/Pods-Source Calculator.debug.xcconfig"; sourceTree = "<group>"; };
		B9043D15107C989E00D4935F /* Pods-SourceCalculator.release.xcconfig */ = {isa = PBXFileReference; includeInIndex = 1; lastKnownFileType = text.xcconfig; name = "Pods-SourceCalculator.release.xcconfig"; path = "Target Support Files/Pods-SourceCalculator/Pods-SourceCalculator.release.xcconfig"; sourceTree = "<group>"; };
		E4D9466FD3D4B2407D2888A0 /* Pods-SourceCalculator.debug.xcconfig */ = {isa = PBXFileReference; includeInIndex = 1; lastKnownFileType = text.xcconfig; name = "Pods-SourceCalculator.debug.xcconfig"; path = "Target Support Files/Pods-SourceCalculator/Pods-SourceCalculator.debug.xcconfig"; sourceTree = "<group>"; };
		EC39D2B1B7C9ED4DAE34BAA9 /* Pods-Source Calculator Xcode Extension.release.xcconfig */ = {isa = PBXFileReference; includeInIndex = 1; lastKnownFileType = text.xcconfig; name = "Pods-Source Calculator Xcode Extension.release.xcconfig"; path = "Target Support Files/Pods-Source Calculator Xcode Extension/Pods-Source Calculator Xcode Extension.release.xcconfig"; sourceTree = "<group>"; };
/* End PBXFileReference section */

/* Begin PBXFrameworksBuildPhase section */
		3A963DC02397EF2300C4B1B1 /* Frameworks */ = {
			isa = PBXFrameworksBuildPhase;
			buildActionMask = 2147483647;
			files = (
				3A0812A52397F981008A792B /* Pods_Source_Calculator.framework in Frameworks */,
			);
			runOnlyForDeploymentPostprocessing = 0;
		};
		3A963DDA2397EF5800C4B1B1 /* Frameworks */ = {
			isa = PBXFrameworksBuildPhase;
			buildActionMask = 2147483647;
			files = (
				3A963DE02397EF5800C4B1B1 /* Cocoa.framework in Frameworks */,
				2866575CF9376EB043B0CF16 /* Pods_SourceCalculator.framework in Frameworks */,
			);
			runOnlyForDeploymentPostprocessing = 0;
		};
/* End PBXFrameworksBuildPhase section */

/* Begin PBXGroup section */
		3A963DBA2397EF2300C4B1B1 = {
			isa = PBXGroup;
			children = (
				3A963DC52397EF2300C4B1B1 /* Source Calculator */,
				3A963DE12397EF5800C4B1B1 /* SourceCalculator */,
				3A963DDE2397EF5800C4B1B1 /* Frameworks */,
				3A963DC42397EF2300C4B1B1 /* Products */,
				5FD1A9A2ED1F400AD4B11292 /* Pods */,
			);
			sourceTree = "<group>";
		};
		3A963DC42397EF2300C4B1B1 /* Products */ = {
			isa = PBXGroup;
			children = (
				3A963DC32397EF2300C4B1B1 /* Source Calculator.app */,
				3A963DDD2397EF5800C4B1B1 /* SourceCalculator.appex */,
			);
			name = Products;
			sourceTree = "<group>";
		};
		3A963DC52397EF2300C4B1B1 /* Source Calculator */ = {
			isa = PBXGroup;
			children = (
				3A963DC62397EF2300C4B1B1 /* AppDelegate.swift */,
				3A963DC82397EF2300C4B1B1 /* ContentView.swift */,
				3A963DCA2397EF2400C4B1B1 /* Assets.xcassets */,
				3A963DCF2397EF2400C4B1B1 /* Main.storyboard */,
				3A963DD22397EF2400C4B1B1 /* Info.plist */,
				3A963DD32397EF2400C4B1B1 /* Source_Calculator.entitlements */,
				3A963DCC2397EF2400C4B1B1 /* Preview Content */,
			);
			path = "Source Calculator";
			sourceTree = "<group>";
		};
		3A963DCC2397EF2400C4B1B1 /* Preview Content */ = {
			isa = PBXGroup;
			children = (
				3A963DCD2397EF2400C4B1B1 /* Preview Assets.xcassets */,
			);
			path = "Preview Content";
			sourceTree = "<group>";
		};
		3A963DDE2397EF5800C4B1B1 /* Frameworks */ = {
			isa = PBXGroup;
			children = (
				3A963DDF2397EF5800C4B1B1 /* Cocoa.framework */,
				6E2B87AAE7174DCF8833F0C1 /* Pods_Source_Calculator.framework */,
				13966B23A578056173BB4FF3 /* Pods_SourceCalculator.framework */,
			);
			name = Frameworks;
			sourceTree = "<group>";
		};
		3A963DE12397EF5800C4B1B1 /* SourceCalculator */ = {
			isa = PBXGroup;
			children = (
				3A963DE22397EF5800C4B1B1 /* SourceEditorExtension.swift */,
				3A963DE42397EF5800C4B1B1 /* SourceEditorCommand.swift */,
				3A963DE62397EF5800C4B1B1 /* Info.plist */,
				3A963DE72397EF5800C4B1B1 /* SourceCalculator.entitlements */,
			);
			path = SourceCalculator;
			sourceTree = "<group>";
		};
		5FD1A9A2ED1F400AD4B11292 /* Pods */ = {
			isa = PBXGroup;
			children = (
				9A9F4C45933C38F46F88B8C2 /* Pods-Source Calculator.debug.xcconfig */,
				13E79D7D2540CD6712C48343 /* Pods-Source Calculator.release.xcconfig */,
				549FC1D8F6447017AF262AEC /* Pods-Source Calculator Xcode Extension.debug.xcconfig */,
				EC39D2B1B7C9ED4DAE34BAA9 /* Pods-Source Calculator Xcode Extension.release.xcconfig */,
				E4D9466FD3D4B2407D2888A0 /* Pods-SourceCalculator.debug.xcconfig */,
				B9043D15107C989E00D4935F /* Pods-SourceCalculator.release.xcconfig */,
			);
			path = Pods;
			sourceTree = "<group>";
		};
/* End PBXGroup section */

/* Begin PBXNativeTarget section */
		3A963DC22397EF2300C4B1B1 /* Source Calculator */ = {
			isa = PBXNativeTarget;
			buildConfigurationList = 3A963DD62397EF2400C4B1B1 /* Build configuration list for PBXNativeTarget "Source Calculator" */;
			buildPhases = (
				97C0BA8CBD1199E16D1F4182 /* [CP] Check Pods Manifest.lock */,
				3A963DBF2397EF2300C4B1B1 /* Sources */,
				3A963DC02397EF2300C4B1B1 /* Frameworks */,
				3A963DC12397EF2300C4B1B1 /* Resources */,
				3A963DEE2397EF5800C4B1B1 /* Embed App Extensions */,
				DB25C7685EDECC89C70FEF58 /* [CP] Embed Pods Frameworks */,
			);
			buildRules = (
			);
			dependencies = (
				3A963DE92397EF5800C4B1B1 /* PBXTargetDependency */,
			);
			name = "Source Calculator";
			productName = "Source Calculator";
			productReference = 3A963DC32397EF2300C4B1B1 /* Source Calculator.app */;
			productType = "com.apple.product-type.application";
		};
		3A963DDC2397EF5800C4B1B1 /* SourceCalculator */ = {
			isa = PBXNativeTarget;
			buildConfigurationList = 3A963DEB2397EF5800C4B1B1 /* Build configuration list for PBXNativeTarget "SourceCalculator" */;
			buildPhases = (
				4A8B4F68EB295F8BE98BDE8D /* [CP] Check Pods Manifest.lock */,
				3A963DD92397EF5800C4B1B1 /* Sources */,
				3A963DDA2397EF5800C4B1B1 /* Frameworks */,
				3A963DDB2397EF5800C4B1B1 /* Resources */,
			);
			buildRules = (
			);
			dependencies = (
			);
			name = SourceCalculator;
			productName = "Source Calculator Xcode Extension";
			productReference = 3A963DDD2397EF5800C4B1B1 /* SourceCalculator.appex */;
			productType = "com.apple.product-type.xcode-extension";
		};
/* End PBXNativeTarget section */

/* Begin PBXProject section */
		3A963DBB2397EF2300C4B1B1 /* Project object */ = {
			isa = PBXProject;
			attributes = {
				LastSwiftUpdateCheck = 1110;
				LastUpgradeCheck = 1110;
				ORGANIZATIONNAME = Hexagons;
				TargetAttributes = {
					3A963DC22397EF2300C4B1B1 = {
						CreatedOnToolsVersion = 11.1;
					};
					3A963DDC2397EF5800C4B1B1 = {
						CreatedOnToolsVersion = 11.1;
					};
				};
			};
			buildConfigurationList = 3A963DBE2397EF2300C4B1B1 /* Build configuration list for PBXProject "Source Calculator" */;
			compatibilityVersion = "Xcode 9.3";
			developmentRegion = en;
			hasScannedForEncodings = 0;
			knownRegions = (
				en,
				Base,
			);
			mainGroup = 3A963DBA2397EF2300C4B1B1;
			productRefGroup = 3A963DC42397EF2300C4B1B1 /* Products */;
			projectDirPath = "";
			projectRoot = "";
			targets = (
				3A963DC22397EF2300C4B1B1 /* Source Calculator */,
				3A963DDC2397EF5800C4B1B1 /* SourceCalculator */,
			);
		};
/* End PBXProject section */

/* Begin PBXResourcesBuildPhase section */
		3A963DC12397EF2300C4B1B1 /* Resources */ = {
			isa = PBXResourcesBuildPhase;
			buildActionMask = 2147483647;
			files = (
				3A963DD12397EF2400C4B1B1 /* Main.storyboard in Resources */,
				3A963DCE2397EF2400C4B1B1 /* Preview Assets.xcassets in Resources */,
				3A963DCB2397EF2400C4B1B1 /* Assets.xcassets in Resources */,
			);
			runOnlyForDeploymentPostprocessing = 0;
		};
		3A963DDB2397EF5800C4B1B1 /* Resources */ = {
			isa = PBXResourcesBuildPhase;
			buildActionMask = 2147483647;
			files = (
			);
			runOnlyForDeploymentPostprocessing = 0;
		};
/* End PBXResourcesBuildPhase section */

/* Begin PBXShellScriptBuildPhase section */
		4A8B4F68EB295F8BE98BDE8D /* [CP] Check Pods Manifest.lock */ = {
			isa = PBXShellScriptBuildPhase;
			buildActionMask = 2147483647;
			files = (
			);
			inputFileListPaths = (
			);
			inputPaths = (
				"${PODS_PODFILE_DIR_PATH}/Podfile.lock",
				"${PODS_ROOT}/Manifest.lock",
			);
			name = "[CP] Check Pods Manifest.lock";
			outputFileListPaths = (
			);
			outputPaths = (
				"$(DERIVED_FILE_DIR)/Pods-SourceCalculator-checkManifestLockResult.txt",
			);
			runOnlyForDeploymentPostprocessing = 0;
			shellPath = /bin/sh;
			shellScript = "diff \"${PODS_PODFILE_DIR_PATH}/Podfile.lock\" \"${PODS_ROOT}/Manifest.lock\" > /dev/null\nif [ $? != 0 ] ; then\n    # print error to STDERR\n    echo \"error: The sandbox is not in sync with the Podfile.lock. Run 'pod install' or update your CocoaPods installation.\" >&2\n    exit 1\nfi\n# This output is used by Xcode 'outputs' to avoid re-running this script phase.\necho \"SUCCESS\" > \"${SCRIPT_OUTPUT_FILE_0}\"\n";
			showEnvVarsInLog = 0;
		};
		97C0BA8CBD1199E16D1F4182 /* [CP] Check Pods Manifest.lock */ = {
			isa = PBXShellScriptBuildPhase;
			buildActionMask = 2147483647;
			files = (
			);
			inputFileListPaths = (
			);
			inputPaths = (
				"${PODS_PODFILE_DIR_PATH}/Podfile.lock",
				"${PODS_ROOT}/Manifest.lock",
			);
			name = "[CP] Check Pods Manifest.lock";
			outputFileListPaths = (
			);
			outputPaths = (
				"$(DERIVED_FILE_DIR)/Pods-Source Calculator-checkManifestLockResult.txt",
			);
			runOnlyForDeploymentPostprocessing = 0;
			shellPath = /bin/sh;
			shellScript = "diff \"${PODS_PODFILE_DIR_PATH}/Podfile.lock\" \"${PODS_ROOT}/Manifest.lock\" > /dev/null\nif [ $? != 0 ] ; then\n    # print error to STDERR\n    echo \"error: The sandbox is not in sync with the Podfile.lock. Run 'pod install' or update your CocoaPods installation.\" >&2\n    exit 1\nfi\n# This output is used by Xcode 'outputs' to avoid re-running this script phase.\necho \"SUCCESS\" > \"${SCRIPT_OUTPUT_FILE_0}\"\n";
			showEnvVarsInLog = 0;
		};
		DB25C7685EDECC89C70FEF58 /* [CP] Embed Pods Frameworks */ = {
			isa = PBXShellScriptBuildPhase;
			buildActionMask = 2147483647;
			files = (
			);
			inputFileListPaths = (
				"${PODS_ROOT}/Target Support Files/Pods-Source Calculator/Pods-Source Calculator-frameworks-${CONFIGURATION}-input-files.xcfilelist",
			);
			name = "[CP] Embed Pods Frameworks";
			outputFileListPaths = (
				"${PODS_ROOT}/Target Support Files/Pods-Source Calculator/Pods-Source Calculator-frameworks-${CONFIGURATION}-output-files.xcfilelist",
			);
			runOnlyForDeploymentPostprocessing = 0;
			shellPath = /bin/sh;
			shellScript = "\"${PODS_ROOT}/Target Support Files/Pods-Source Calculator/Pods-Source Calculator-frameworks.sh\"\n";
			showEnvVarsInLog = 0;
		};
/* End PBXShellScriptBuildPhase section */

/* Begin PBXSourcesBuildPhase section */
		3A963DBF2397EF2300C4B1B1 /* Sources */ = {
			isa = PBXSourcesBuildPhase;
			buildActionMask = 2147483647;
			files = (
				3A963DC92397EF2300C4B1B1 /* ContentView.swift in Sources */,
				3A963DC72397EF2300C4B1B1 /* AppDelegate.swift in Sources */,
			);
			runOnlyForDeploymentPostprocessing = 0;
		};
		3A963DD92397EF5800C4B1B1 /* Sources */ = {
			isa = PBXSourcesBuildPhase;
			buildActionMask = 2147483647;
			files = (
				3A963DE32397EF5800C4B1B1 /* SourceEditorExtension.swift in Sources */,
				3A963DE52397EF5800C4B1B1 /* SourceEditorCommand.swift in Sources */,
			);
			runOnlyForDeploymentPostprocessing = 0;
		};
/* End PBXSourcesBuildPhase section */

/* Begin PBXTargetDependency section */
		3A963DE92397EF5800C4B1B1 /* PBXTargetDependency */ = {
			isa = PBXTargetDependency;
			target = 3A963DDC2397EF5800C4B1B1 /* SourceCalculator */;
			targetProxy = 3A963DE82397EF5800C4B1B1 /* PBXContainerItemProxy */;
		};
/* End PBXTargetDependency section */

/* Begin PBXVariantGroup section */
		3A963DCF2397EF2400C4B1B1 /* Main.storyboard */ = {
			isa = PBXVariantGroup;
			children = (
				3A963DD02397EF2400C4B1B1 /* Base */,
			);
			name = Main.storyboard;
			sourceTree = "<group>";
		};
/* End PBXVariantGroup section */

/* Begin XCBuildConfiguration section */
		3A963DD42397EF2400C4B1B1 /* Debug */ = {
			isa = XCBuildConfiguration;
			buildSettings = {
				ALWAYS_SEARCH_USER_PATHS = NO;
				CLANG_ANALYZER_NONNULL = YES;
				CLANG_ANALYZER_NUMBER_OBJECT_CONVERSION = YES_AGGRESSIVE;
				CLANG_CXX_LANGUAGE_STANDARD = "gnu++14";
				CLANG_CXX_LIBRARY = "libc++";
				CLANG_ENABLE_MODULES = YES;
				CLANG_ENABLE_OBJC_ARC = YES;
				CLANG_ENABLE_OBJC_WEAK = YES;
				CLANG_WARN_BLOCK_CAPTURE_AUTORELEASING = YES;
				CLANG_WARN_BOOL_CONVERSION = YES;
				CLANG_WARN_COMMA = YES;
				CLANG_WARN_CONSTANT_CONVERSION = YES;
				CLANG_WARN_DEPRECATED_OBJC_IMPLEMENTATIONS = YES;
				CLANG_WARN_DIRECT_OBJC_ISA_USAGE = YES_ERROR;
				CLANG_WARN_DOCUMENTATION_COMMENTS = YES;
				CLANG_WARN_EMPTY_BODY = YES;
				CLANG_WARN_ENUM_CONVERSION = YES;
				CLANG_WARN_INFINITE_RECURSION = YES;
				CLANG_WARN_INT_CONVERSION = YES;
				CLANG_WARN_NON_LITERAL_NULL_CONVERSION = YES;
				CLANG_WARN_OBJC_IMPLICIT_RETAIN_SELF = YES;
				CLANG_WARN_OBJC_LITERAL_CONVERSION = YES;
				CLANG_WARN_OBJC_ROOT_CLASS = YES_ERROR;
				CLANG_WARN_RANGE_LOOP_ANALYSIS = YES;
				CLANG_WARN_STRICT_PROTOTYPES = YES;
				CLANG_WARN_SUSPICIOUS_MOVE = YES;
				CLANG_WARN_UNGUARDED_AVAILABILITY = YES_AGGRESSIVE;
				CLANG_WARN_UNREACHABLE_CODE = YES;
				CLANG_WARN__DUPLICATE_METHOD_MATCH = YES;
				COPY_PHASE_STRIP = NO;
				DEBUG_INFORMATION_FORMAT = dwarf;
				ENABLE_STRICT_OBJC_MSGSEND = YES;
				ENABLE_TESTABILITY = YES;
				GCC_C_LANGUAGE_STANDARD = gnu11;
				GCC_DYNAMIC_NO_PIC = NO;
				GCC_NO_COMMON_BLOCKS = YES;
				GCC_OPTIMIZATION_LEVEL = 0;
				GCC_PREPROCESSOR_DEFINITIONS = (
					"DEBUG=1",
					"$(inherited)",
				);
				GCC_WARN_64_TO_32_BIT_CONVERSION = YES;
				GCC_WARN_ABOUT_RETURN_TYPE = YES_ERROR;
				GCC_WARN_UNDECLARED_SELECTOR = YES;
				GCC_WARN_UNINITIALIZED_AUTOS = YES_AGGRESSIVE;
				GCC_WARN_UNUSED_FUNCTION = YES;
				GCC_WARN_UNUSED_VARIABLE = YES;
				MACOSX_DEPLOYMENT_TARGET = 10.15;
				MTL_ENABLE_DEBUG_INFO = INCLUDE_SOURCE;
				MTL_FAST_MATH = YES;
				ONLY_ACTIVE_ARCH = YES;
				SDKROOT = macosx;
				SWIFT_ACTIVE_COMPILATION_CONDITIONS = DEBUG;
				SWIFT_OPTIMIZATION_LEVEL = "-Onone";
			};
			name = Debug;
		};
		3A963DD52397EF2400C4B1B1 /* Release */ = {
			isa = XCBuildConfiguration;
			buildSettings = {
				ALWAYS_SEARCH_USER_PATHS = NO;
				CLANG_ANALYZER_NONNULL = YES;
				CLANG_ANALYZER_NUMBER_OBJECT_CONVERSION = YES_AGGRESSIVE;
				CLANG_CXX_LANGUAGE_STANDARD = "gnu++14";
				CLANG_CXX_LIBRARY = "libc++";
				CLANG_ENABLE_MODULES = YES;
				CLANG_ENABLE_OBJC_ARC = YES;
				CLANG_ENABLE_OBJC_WEAK = YES;
				CLANG_WARN_BLOCK_CAPTURE_AUTORELEASING = YES;
				CLANG_WARN_BOOL_CONVERSION = YES;
				CLANG_WARN_COMMA = YES;
				CLANG_WARN_CONSTANT_CONVERSION = YES;
				CLANG_WARN_DEPRECATED_OBJC_IMPLEMENTATIONS = YES;
				CLANG_WARN_DIRECT_OBJC_ISA_USAGE = YES_ERROR;
				CLANG_WARN_DOCUMENTATION_COMMENTS = YES;
				CLANG_WARN_EMPTY_BODY = YES;
				CLANG_WARN_ENUM_CONVERSION = YES;
				CLANG_WARN_INFINITE_RECURSION = YES;
				CLANG_WARN_INT_CONVERSION = YES;
				CLANG_WARN_NON_LITERAL_NULL_CONVERSION = YES;
				CLANG_WARN_OBJC_IMPLICIT_RETAIN_SELF = YES;
				CLANG_WARN_OBJC_LITERAL_CONVERSION = YES;
				CLANG_WARN_OBJC_ROOT_CLASS = YES_ERROR;
				CLANG_WARN_RANGE_LOOP_ANALYSIS = YES;
				CLANG_WARN_STRICT_PROTOTYPES = YES;
				CLANG_WARN_SUSPICIOUS_MOVE = YES;
				CLANG_WARN_UNGUARDED_AVAILABILITY = YES_AGGRESSIVE;
				CLANG_WARN_UNREACHABLE_CODE = YES;
				CLANG_WARN__DUPLICATE_METHOD_MATCH = YES;
				COPY_PHASE_STRIP = NO;
				DEBUG_INFORMATION_FORMAT = "dwarf-with-dsym";
				ENABLE_NS_ASSERTIONS = NO;
				ENABLE_STRICT_OBJC_MSGSEND = YES;
				GCC_C_LANGUAGE_STANDARD = gnu11;
				GCC_NO_COMMON_BLOCKS = YES;
				GCC_WARN_64_TO_32_BIT_CONVERSION = YES;
				GCC_WARN_ABOUT_RETURN_TYPE = YES_ERROR;
				GCC_WARN_UNDECLARED_SELECTOR = YES;
				GCC_WARN_UNINITIALIZED_AUTOS = YES_AGGRESSIVE;
				GCC_WARN_UNUSED_FUNCTION = YES;
				GCC_WARN_UNUSED_VARIABLE = YES;
				MACOSX_DEPLOYMENT_TARGET = 10.15;
				MTL_ENABLE_DEBUG_INFO = NO;
				MTL_FAST_MATH = YES;
				SDKROOT = macosx;
				SWIFT_COMPILATION_MODE = wholemodule;
				SWIFT_OPTIMIZATION_LEVEL = "-O";
			};
			name = Release;
		};
		3A963DD72397EF2400C4B1B1 /* Debug */ = {
			isa = XCBuildConfiguration;
			baseConfigurationReference = 9A9F4C45933C38F46F88B8C2 /* Pods-Source Calculator.debug.xcconfig */;
			buildSettings = {
				ALWAYS_EMBED_SWIFT_STANDARD_LIBRARIES = YES;
				ASSETCATALOG_COMPILER_APPICON_NAME = AppIcon;
				CODE_SIGN_ENTITLEMENTS = "Source Calculator/Source_Calculator.entitlements";
				CODE_SIGN_STYLE = Automatic;
				COMBINE_HIDPI_IMAGES = YES;
				CURRENT_PROJECT_VERSION = 5;
				DEVELOPMENT_ASSET_PATHS = "\"Source Calculator/Preview Content\"";
				DEVELOPMENT_TEAM = 2QHTY6FMW2;
				ENABLE_HARDENED_RUNTIME = YES;
				ENABLE_PREVIEWS = YES;
				INFOPLIST_FILE = "Source Calculator/Info.plist";
				LD_RUNPATH_SEARCH_PATHS = (
					"$(inherited)",
					"@executable_path/../Frameworks",
				);
				MACOSX_DEPLOYMENT_TARGET = 10.15;
				MARKETING_VERSION = 1.0.2;
				PRODUCT_BUNDLE_IDENTIFIER = se.hexagons.sourcecalculator;
				PRODUCT_NAME = "$(TARGET_NAME)";
				SWIFT_VERSION = 5.0;
			};
			name = Debug;
		};
		3A963DD82397EF2400C4B1B1 /* Release */ = {
			isa = XCBuildConfiguration;
			baseConfigurationReference = 13E79D7D2540CD6712C48343 /* Pods-Source Calculator.release.xcconfig */;
			buildSettings = {
				ALWAYS_EMBED_SWIFT_STANDARD_LIBRARIES = YES;
				ASSETCATALOG_COMPILER_APPICON_NAME = AppIcon;
				CODE_SIGN_ENTITLEMENTS = "Source Calculator/Source_Calculator.entitlements";
				CODE_SIGN_STYLE = Automatic;
				COMBINE_HIDPI_IMAGES = YES;
				CURRENT_PROJECT_VERSION = 5;
				DEVELOPMENT_ASSET_PATHS = "\"Source Calculator/Preview Content\"";
				DEVELOPMENT_TEAM = 2QHTY6FMW2;
				ENABLE_HARDENED_RUNTIME = YES;
				ENABLE_PREVIEWS = YES;
				INFOPLIST_FILE = "Source Calculator/Info.plist";
				LD_RUNPATH_SEARCH_PATHS = (
					"$(inherited)",
					"@executable_path/../Frameworks",
				);
				MACOSX_DEPLOYMENT_TARGET = 10.15;
				MARKETING_VERSION = 1.0.2;
				PRODUCT_BUNDLE_IDENTIFIER = se.hexagons.sourcecalculator;
				PRODUCT_NAME = "$(TARGET_NAME)";
				SWIFT_VERSION = 5.0;
			};
			name = Release;
		};
		3A963DEC2397EF5800C4B1B1 /* Debug */ = {
			isa = XCBuildConfiguration;
			baseConfigurationReference = E4D9466FD3D4B2407D2888A0 /* Pods-SourceCalculator.debug.xcconfig */;
			buildSettings = {
				CODE_SIGN_ENTITLEMENTS = SourceCalculator/SourceCalculator.entitlements;
				CODE_SIGN_STYLE = Automatic;
				COMBINE_HIDPI_IMAGES = YES;
				DEVELOPMENT_TEAM = 2QHTY6FMW2;
				ENABLE_HARDENED_RUNTIME = YES;
				INFOPLIST_FILE = SourceCalculator/Info.plist;
				LD_RUNPATH_SEARCH_PATHS = (
					"$(inherited)",
					"@executable_path/../Frameworks",
					"@executable_path/../../../../Frameworks",
				);
				PRODUCT_BUNDLE_IDENTIFIER = se.hexagons.sourcecalculator.extension.xcode;
				PRODUCT_NAME = "$(TARGET_NAME)";
				SKIP_INSTALL = YES;
				SWIFT_VERSION = 5.0;
			};
			name = Debug;
		};
		3A963DED2397EF5800C4B1B1 /* Release */ = {
			isa = XCBuildConfiguration;
			baseConfigurationReference = B9043D15107C989E00D4935F /* Pods-SourceCalculator.release.xcconfig */;
			buildSettings = {
				CODE_SIGN_ENTITLEMENTS = SourceCalculator/SourceCalculator.entitlements;
				CODE_SIGN_STYLE = Automatic;
				COMBINE_HIDPI_IMAGES = YES;
				DEVELOPMENT_TEAM = 2QHTY6FMW2;
				ENABLE_HARDENED_RUNTIME = YES;
				INFOPLIST_FILE = SourceCalculator/Info.plist;
				LD_RUNPATH_SEARCH_PATHS = (
					"$(inherited)",
					"@executable_path/../Frameworks",
					"@executable_path/../../../../Frameworks",
				);
				PRODUCT_BUNDLE_IDENTIFIER = se.hexagons.sourcecalculator.extension.xcode;
				PRODUCT_NAME = "$(TARGET_NAME)";
				SKIP_INSTALL = YES;
				SWIFT_VERSION = 5.0;
			};
			name = Release;
		};
/* End XCBuildConfiguration section */

/* Begin XCConfigurationList section */
		3A963DBE2397EF2300C4B1B1 /* Build configuration list for PBXProject "Source Calculator" */ = {
			isa = XCConfigurationList;
			buildConfigurations = (
				3A963DD42397EF2400C4B1B1 /* Debug */,
				3A963DD52397EF2400C4B1B1 /* Release */,
			);
			defaultConfigurationIsVisible = 0;
			defaultConfigurationName = Release;
		};
		3A963DD62397EF2400C4B1B1 /* Build configuration list for PBXNativeTarget "Source Calculator" */ = {
			isa = XCConfigurationList;
			buildConfigurations = (
				3A963DD72397EF2400C4B1B1 /* Debug */,
				3A963DD82397EF2400C4B1B1 /* Release */,
			);
			defaultConfigurationIsVisible = 0;
			defaultConfigurationName = Release;
		};
		3A963DEB2397EF5800C4B1B1 /* Build configuration list for PBXNativeTarget "SourceCalculator" */ = {
			isa = XCConfigurationList;
			buildConfigurations = (
				3A963DEC2397EF5800C4B1B1 /* Debug */,
				3A963DED2397EF5800C4B1B1 /* Release */,
			);
			defaultConfigurationIsVisible = 0;
			defaultConfigurationName = Release;
		};
/* End XCConfigurationList section */
	};
	rootObject = 3A963DBB2397EF2300C4B1B1 /* Project object */;
}
